
Microsoft Visual Studio Solution File, Format Version 12.00
# Visual Studio 2013
VisualStudioVersion = 12.0.31101.0
MinimumVisualStudioVersion = 10.0.40219.1
Project("{FAE04EC0-301F-11D3-BF4B-00C04F79EFBC}") = "Agile.Planning.Domain", "Agile.Planning.Domain\Agile.Planning.Domain.csproj", "{213A28AA-7EFF-4C7E-B17F-F699E01F3CCB}"
EndProject
Project("{2150E333-8FDC-42A3-9474-1A3956D46DE8}") = "Planning", "Planning", "{22EB4FEC-6921-4B9C-A5CF-B0BBE8867AC1}"
EndProject
Project("{2150E333-8FDC-42A3-9474-1A3956D46DE8}") = "Common", "Common", "{608CDB9B-F77C-4086-8411-B7B3A49DDA8A}"
EndProject
Project("{FAE04EC0-301F-11D3-BF4B-00C04F79EFBC}") = "Agile.Common.Cqrs", "Agile.Common.Cqrs\Agile.Common.Cqrs.csproj", "{F30775F2-E6E6-4D38-96D7-06414DAAB473}"
EndProject
Project("{FAE04EC0-301F-11D3-BF4B-00C04F79EFBC}") = "Agile.Common.Cqrs.Implementation", "Agile.Common.Cqrs.Implementation\Agile.Common.Cqrs.Implementation.csproj", "{9E069F8E-8590-465A-9ADB-57BCAA1D7E0A}"
EndProject
Project("{FAE04EC0-301F-11D3-BF4B-00C04F79EFBC}") = "Agile.Web", "Agile.Web\Agile.Web.csproj", "{F1BC2111-32D9-4297-A87E-AD875471A3C0}"
EndProject
Project("{FAE04EC0-301F-11D3-BF4B-00C04F79EFBC}") = "Agile.Planning.DataTransfer", "Agile.Planning.DataTransfer\Agile.Planning.DataTransfer.csproj", "{9C8F5B40-3284-45D3-9E38-B8F940AF2163}"
EndProject
Project("{FAE04EC0-301F-11D3-BF4B-00C04F79EFBC}") = "ApiTester", "ApiTester\ApiTester.csproj", "{B4F4CAF3-709C-4E7D-9A0F-94A4981E2D1E}"
EndProject
Project("{FAE04EC0-301F-11D3-BF4B-00C04F79EFBC}") = "Agile.DomainEventProcessor", "Agile.DomainEventProcessor\Agile.DomainEventProcessor.csproj", "{9376DCB0-AE82-42A3-BE9E-D0DB2011C5B3}"
EndProject
Project("{FAE04EC0-301F-11D3-BF4B-00C04F79EFBC}") = "Agile.Common.EventPublishing", "Agile.Common.EventPublishing\Agile.Common.EventPublishing.csproj", "{DCF30EBB-35E8-45EB-9D01-84FD2C9A3CE8}"
EndProject
Project("{FAE04EC0-301F-11D3-BF4B-00C04F79EFBC}") = "Agile.Planning.EventSubscribers", "Agile.Planning.EventSubscribers\Agile.Planning.EventSubscribers.csproj", "{719C00F2-5A8B-4762-ABAB-A830535CA344}"
EndProject
Global
	GlobalSection(SolutionConfigurationPlatforms) = preSolution
		Debug|Any CPU = Debug|Any CPU
		Release|Any CPU = Release|Any CPU
	EndGlobalSection
	GlobalSection(ProjectConfigurationPlatforms) = postSolution
		{213A28AA-7EFF-4C7E-B17F-F699E01F3CCB}.Debug|Any CPU.ActiveCfg = Debug|Any CPU
		{213A28AA-7EFF-4C7E-B17F-F699E01F3CCB}.Debug|Any CPU.Build.0 = Debug|Any CPU
		{213A28AA-7EFF-4C7E-B17F-F699E01F3CCB}.Release|Any CPU.ActiveCfg = Release|Any CPU
		{213A28AA-7EFF-4C7E-B17F-F699E01F3CCB}.Release|Any CPU.Build.0 = Release|Any CPU
		{F30775F2-E6E6-4D38-96D7-06414DAAB473}.Debug|Any CPU.ActiveCfg = Debug|Any CPU
		{F30775F2-E6E6-4D38-96D7-06414DAAB473}.Debug|Any CPU.Build.0 = Debug|Any CPU
		{F30775F2-E6E6-4D38-96D7-06414DAAB473}.Release|Any CPU.ActiveCfg = Release|Any CPU
		{F30775F2-E6E6-4D38-96D7-06414DAAB473}.Release|Any CPU.Build.0 = Release|Any CPU
		{9E069F8E-8590-465A-9ADB-57BCAA1D7E0A}.Debug|Any CPU.ActiveCfg = Debug|Any CPU
		{9E069F8E-8590-465A-9ADB-57BCAA1D7E0A}.Debug|Any CPU.Build.0 = Debug|Any CPU
		{9E069F8E-8590-465A-9ADB-57BCAA1D7E0A}.Release|Any CPU.ActiveCfg = Release|Any CPU
		{9E069F8E-8590-465A-9ADB-57BCAA1D7E0A}.Release|Any CPU.Build.0 = Release|Any CPU
		{F1BC2111-32D9-4297-A87E-AD875471A3C0}.Debug|Any CPU.ActiveCfg = Debug|Any CPU
		{F1BC2111-32D9-4297-A87E-AD875471A3C0}.Debug|Any CPU.Build.0 = Debug|Any CPU
		{F1BC2111-32D9-4297-A87E-AD875471A3C0}.Release|Any CPU.ActiveCfg = Release|Any CPU
		{F1BC2111-32D9-4297-A87E-AD875471A3C0}.Release|Any CPU.Build.0 = Release|Any CPU
		{9C8F5B40-3284-45D3-9E38-B8F940AF2163}.Debug|Any CPU.ActiveCfg = Debug|Any CPU
		{9C8F5B40-3284-45D3-9E38-B8F940AF2163}.Debug|Any CPU.Build.0 = Debug|Any CPU
		{9C8F5B40-3284-45D3-9E38-B8F940AF2163}.Release|Any CPU.ActiveCfg = Release|Any CPU
		{9C8F5B40-3284-45D3-9E38-B8F940AF2163}.Release|Any CPU.Build.0 = Release|Any CPU
		{B4F4CAF3-709C-4E7D-9A0F-94A4981E2D1E}.Debug|Any CPU.ActiveCfg = Debug|Any CPU
		{B4F4CAF3-709C-4E7D-9A0F-94A4981E2D1E}.Debug|Any CPU.Build.0 = Debug|Any CPU
		{B4F4CAF3-709C-4E7D-9A0F-94A4981E2D1E}.Release|Any CPU.ActiveCfg = Release|Any CPU
		{B4F4CAF3-709C-4E7D-9A0F-94A4981E2D1E}.Release|Any CPU.Build.0 = Release|Any CPU
		{9376DCB0-AE82-42A3-BE9E-D0DB2011C5B3}.Debug|Any CPU.ActiveCfg = Debug|Any CPU
		{9376DCB0-AE82-42A3-BE9E-D0DB2011C5B3}.Debug|Any CPU.Build.0 = Debug|Any CPU
		{9376DCB0-AE82-42A3-BE9E-D0DB2011C5B3}.Release|Any CPU.ActiveCfg = Release|Any CPU
		{9376DCB0-AE82-42A3-BE9E-D0DB2011C5B3}.Release|Any CPU.Build.0 = Release|Any CPU
		{DCF30EBB-35E8-45EB-9D01-84FD2C9A3CE8}.Debug|Any CPU.ActiveCfg = Debug|Any CPU
		{DCF30EBB-35E8-45EB-9D01-84FD2C9A3CE8}.Debug|Any CPU.Build.0 = Debug|Any CPU
		{DCF30EBB-35E8-45EB-9D01-84FD2C9A3CE8}.Release|Any CPU.ActiveCfg = Release|Any CPU
		{DCF30EBB-35E8-45EB-9D01-84FD2C9A3CE8}.Release|Any CPU.Build.0 = Release|Any CPU
		{719C00F2-5A8B-4762-ABAB-A830535CA344}.Debug|Any CPU.ActiveCfg = Debug|Any CPU
		{719C00F2-5A8B-4762-ABAB-A830535CA344}.Debug|Any CPU.Build.0 = Debug|Any CPU
		{719C00F2-5A8B-4762-ABAB-A830535CA344}.Release|Any CPU.ActiveCfg = Release|Any CPU
		{719C00F2-5A8B-4762-ABAB-A830535CA344}.Release|Any CPU.Build.0 = Release|Any CPU
	EndGlobalSection
	GlobalSection(SolutionProperties) = preSolution
		HideSolutionNode = FALSE
	EndGlobalSection
	GlobalSection(NestedProjects) = preSolution
		{213A28AA-7EFF-4C7E-B17F-F699E01F3CCB} = {22EB4FEC-6921-4B9C-A5CF-B0BBE8867AC1}
		{F30775F2-E6E6-4D38-96D7-06414DAAB473} = {608CDB9B-F77C-4086-8411-B7B3A49DDA8A}
		{9E069F8E-8590-465A-9ADB-57BCAA1D7E0A} = {608CDB9B-F77C-4086-8411-B7B3A49DDA8A}
		{9C8F5B40-3284-45D3-9E38-B8F940AF2163} = {22EB4FEC-6921-4B9C-A5CF-B0BBE8867AC1}
		{DCF30EBB-35E8-45EB-9D01-84FD2C9A3CE8} = {608CDB9B-F77C-4086-8411-B7B3A49DDA8A}
		{719C00F2-5A8B-4762-ABAB-A830535CA344} = {22EB4FEC-6921-4B9C-A5CF-B0BBE8867AC1}
	EndGlobalSection
EndGlobal
